// !$*UTF8*$!
{
	archiveVersion = 1;
	classes = {
	};
	objectVersion = 48;
	objects = {

/* Begin PBXBuildFile section */
		843361871FE878C6007DC5F3 /* AppDelegate.swift in Sources */ = {isa = PBXBuildFile; fileRef = 843361861FE878C6007DC5F3 /* AppDelegate.swift */; };
		843361891FE878C6007DC5F3 /* ViewController.swift in Sources */ = {isa = PBXBuildFile; fileRef = 843361881FE878C6007DC5F3 /* ViewController.swift */; };
		8433618C1FE878C6007DC5F3 /* Main.storyboard in Resources */ = {isa = PBXBuildFile; fileRef = 8433618A1FE878C6007DC5F3 /* Main.storyboard */; };
		8433618E1FE878C6007DC5F3 /* Assets.xcassets in Resources */ = {isa = PBXBuildFile; fileRef = 8433618D1FE878C6007DC5F3 /* Assets.xcassets */; };
		843361911FE878C6007DC5F3 /* LaunchScreen.storyboard in Resources */ = {isa = PBXBuildFile; fileRef = 8433618F1FE878C6007DC5F3 /* LaunchScreen.storyboard */; };
		8433619C1FE878C6007DC5F3 /* testTests.swift in Sources */ = {isa = PBXBuildFile; fileRef = 8433619B1FE878C6007DC5F3 /* testTests.swift */; };
		843361A71FE878C6007DC5F3 /* testUITests.swift in Sources */ = {isa = PBXBuildFile; fileRef = 843361A61FE878C6007DC5F3 /* testUITests.swift */; };
		843361B51FE948F4007DC5F3 /* VenuPickerView.swift in Sources */ = {isa = PBXBuildFile; fileRef = 843361B41FE948F3007DC5F3 /* VenuPickerView.swift */; };
		843361B81FE9554A007DC5F3 /* VenuePresenter.swift in Sources */ = {isa = PBXBuildFile; fileRef = 843361B61FE9554A007DC5F3 /* VenuePresenter.swift */; };
		843361B91FE9554A007DC5F3 /* LocationService.swift in Sources */ = {isa = PBXBuildFile; fileRef = 843361B71FE9554A007DC5F3 /* LocationService.swift */; };
		843361BB1FE95555007DC5F3 /* VenueService.swift in Sources */ = {isa = PBXBuildFile; fileRef = 843361BA1FE95555007DC5F3 /* VenueService.swift */; };
		843361BD1FE957CA007DC5F3 /* SwiftyJson.swift in Sources */ = {isa = PBXBuildFile; fileRef = 843361BC1FE957CA007DC5F3 /* SwiftyJson.swift */; };
		843361BF1FEE8D61007DC5F3 /* SearchCell.swift in Sources */ = {isa = PBXBuildFile; fileRef = 843361BE1FEE8D61007DC5F3 /* SearchCell.swift */; };
		8490210E1FFAF17E00497251 /* Configure.swift in Sources */ = {isa = PBXBuildFile; fileRef = 8490210D1FFAF17E00497251 /* Configure.swift */; };
		8490213C1FFCBBA800497251 /* Error.swift in Sources */ = {isa = PBXBuildFile; fileRef = 8490213B1FFCBBA800497251 /* Error.swift */; };
/* End PBXBuildFile section */

/* Begin PBXContainerItemProxy section */
		843361981FE878C6007DC5F3 /* PBXContainerItemProxy */ = {
			isa = PBXContainerItemProxy;
			containerPortal = 8433617B1FE878C6007DC5F3 /* Project object */;
			proxyType = 1;
			remoteGlobalIDString = 843361821FE878C6007DC5F3;
			remoteInfo = test;
		};
		843361A31FE878C6007DC5F3 /* PBXContainerItemProxy */ = {
			isa = PBXContainerItemProxy;
			containerPortal = 8433617B1FE878C6007DC5F3 /* Project object */;
			proxyType = 1;
			remoteGlobalIDString = 843361821FE878C6007DC5F3;
			remoteInfo = test;
		};
/* End PBXContainerItemProxy section */

/* Begin PBXFileReference section */
		843361831FE878C6007DC5F3 /* test.app */ = {isa = PBXFileReference; explicitFileType = wrapper.application; includeInIndex = 0; path = test.app; sourceTree = BUILT_PRODUCTS_DIR; };
		843361861FE878C6007DC5F3 /* AppDelegate.swift */ = {isa = PBXFileReference; lastKnownFileType = sourcecode.swift; path = AppDelegate.swift; sourceTree = "<group>"; };
		843361881FE878C6007DC5F3 /* ViewController.swift */ = {isa = PBXFileReference; lastKnownFileType = sourcecode.swift; path = ViewController.swift; sourceTree = "<group>"; };
		8433618B1FE878C6007DC5F3 /* Base */ = {isa = PBXFileReference; lastKnownFileType = file.storyboard; name = Base; path = Base.lproj/Main.storyboard; sourceTree = "<group>"; };
		8433618D1FE878C6007DC5F3 /* Assets.xcassets */ = {isa = PBXFileReference; lastKnownFileType = folder.assetcatalog; path = Assets.xcassets; sourceTree = "<group>"; };
		843361901FE878C6007DC5F3 /* Base */ = {isa = PBXFileReference; lastKnownFileType = file.storyboard; name = Base; path = Base.lproj/LaunchScreen.storyboard; sourceTree = "<group>"; };
		843361921FE878C6007DC5F3 /* Info.plist */ = {isa = PBXFileReference; lastKnownFileType = text.plist.xml; path = Info.plist; sourceTree = "<group>"; };
		843361971FE878C6007DC5F3 /* testTests.xctest */ = {isa = PBXFileReference; explicitFileType = wrapper.cfbundle; includeInIndex = 0; path = testTests.xctest; sourceTree = BUILT_PRODUCTS_DIR; };
		8433619B1FE878C6007DC5F3 /* testTests.swift */ = {isa = PBXFileReference; lastKnownFileType = sourcecode.swift; path = testTests.swift; sourceTree = "<group>"; };
		8433619D1FE878C6007DC5F3 /* Info.plist */ = {isa = PBXFileReference; lastKnownFileType = text.plist.xml; path = Info.plist; sourceTree = "<group>"; };
		843361A21FE878C6007DC5F3 /* testUITests.xctest */ = {isa = PBXFileReference; explicitFileType = wrapper.cfbundle; includeInIndex = 0; path = testUITests.xctest; sourceTree = BUILT_PRODUCTS_DIR; };
		843361A61FE878C6007DC5F3 /* testUITests.swift */ = {isa = PBXFileReference; lastKnownFileType = sourcecode.swift; path = testUITests.swift; sourceTree = "<group>"; };
		843361A81FE878C6007DC5F3 /* Info.plist */ = {isa = PBXFileReference; lastKnownFileType = text.plist.xml; path = Info.plist; sourceTree = "<group>"; };
		843361B41FE948F3007DC5F3 /* VenuPickerView.swift */ = {isa = PBXFileReference; fileEncoding = 4; lastKnownFileType = sourcecode.swift; path = VenuPickerView.swift; sourceTree = "<group>"; };
		843361B61FE9554A007DC5F3 /* VenuePresenter.swift */ = {isa = PBXFileReference; fileEncoding = 4; lastKnownFileType = sourcecode.swift; path = VenuePresenter.swift; sourceTree = "<group>"; };
		843361B71FE9554A007DC5F3 /* LocationService.swift */ = {isa = PBXFileReference; fileEncoding = 4; lastKnownFileType = sourcecode.swift; path = LocationService.swift; sourceTree = "<group>"; };
		843361BA1FE95555007DC5F3 /* VenueService.swift */ = {isa = PBXFileReference; fileEncoding = 4; lastKnownFileType = sourcecode.swift; path = VenueService.swift; sourceTree = "<group>"; };
		843361BC1FE957CA007DC5F3 /* SwiftyJson.swift */ = {isa = PBXFileReference; fileEncoding = 4; lastKnownFileType = sourcecode.swift; path = SwiftyJson.swift; sourceTree = "<group>"; };
		843361BE1FEE8D61007DC5F3 /* SearchCell.swift */ = {isa = PBXFileReference; fileEncoding = 4; lastKnownFileType = sourcecode.swift; path = SearchCell.swift; sourceTree = "<group>"; };
		8490210D1FFAF17E00497251 /* Configure.swift */ = {isa = PBXFileReference; lastKnownFileType = sourcecode.swift; path = Configure.swift; sourceTree = "<group>"; };
		8490213B1FFCBBA800497251 /* Error.swift */ = {isa = PBXFileReference; lastKnownFileType = sourcecode.swift; path = Error.swift; sourceTree = "<group>"; };
/* End PBXFileReference section */

/* Begin PBXFrameworksBuildPhase section */
		843361801FE878C6007DC5F3 /* Frameworks */ = {
			isa = PBXFrameworksBuildPhase;
			buildActionMask = 2147483647;
			files = (
			);
			runOnlyForDeploymentPostprocessing = 0;
		};
		843361941FE878C6007DC5F3 /* Frameworks */ = {
			isa = PBXFrameworksBuildPhase;
			buildActionMask = 2147483647;
			files = (
			);
			runOnlyForDeploymentPostprocessing = 0;
		};
		8433619F1FE878C6007DC5F3 /* Frameworks */ = {
			isa = PBXFrameworksBuildPhase;
			buildActionMask = 2147483647;
			files = (
			);
			runOnlyForDeploymentPostprocessing = 0;
		};
/* End PBXFrameworksBuildPhase section */

/* Begin PBXGroup section */
		8433617A1FE878C6007DC5F3 = {
			isa = PBXGroup;
			children = (
				843361851FE878C6007DC5F3 /* test */,
				8433619A1FE878C6007DC5F3 /* testTests */,
				843361A51FE878C6007DC5F3 /* testUITests */,
				843361841FE878C6007DC5F3 /* Products */,
			);
			sourceTree = "<group>";
		};
		843361841FE878C6007DC5F3 /* Products */ = {
			isa = PBXGroup;
			children = (
				843361831FE878C6007DC5F3 /* test.app */,
				843361971FE878C6007DC5F3 /* testTests.xctest */,
				843361A21FE878C6007DC5F3 /* testUITests.xctest */,
			);
			name = Products;
			sourceTree = "<group>";
		};
		843361851FE878C6007DC5F3 /* test */ = {
			isa = PBXGroup;
			children = (
				843361BE1FEE8D61007DC5F3 /* SearchCell.swift */,
				843361B41FE948F3007DC5F3 /* VenuPickerView.swift */,
				843361BC1FE957CA007DC5F3 /* SwiftyJson.swift */,
				843361BA1FE95555007DC5F3 /* VenueService.swift */,
				843361B71FE9554A007DC5F3 /* LocationService.swift */,
				843361B61FE9554A007DC5F3 /* VenuePresenter.swift */,
				843361861FE878C6007DC5F3 /* AppDelegate.swift */,
				843361881FE878C6007DC5F3 /* ViewController.swift */,
				8433618A1FE878C6007DC5F3 /* Main.storyboard */,
				8433618D1FE878C6007DC5F3 /* Assets.xcassets */,
				8433618F1FE878C6007DC5F3 /* LaunchScreen.storyboard */,
				843361921FE878C6007DC5F3 /* Info.plist */,
				8490210D1FFAF17E00497251 /* Configure.swift */,
				8490213B1FFCBBA800497251 /* Error.swift */,
			);
			path = test;
			sourceTree = "<group>";
		};
		8433619A1FE878C6007DC5F3 /* testTests */ = {
			isa = PBXGroup;
			children = (
				8433619B1FE878C6007DC5F3 /* testTests.swift */,
				8433619D1FE878C6007DC5F3 /* Info.plist */,
			);
			path = testTests;
			sourceTree = "<group>";
		};
		843361A51FE878C6007DC5F3 /* testUITests */ = {
			isa = PBXGroup;
			children = (
				843361A61FE878C6007DC5F3 /* testUITests.swift */,
				843361A81FE878C6007DC5F3 /* Info.plist */,
			);
			path = testUITests;
			sourceTree = "<group>";
		};
/* End PBXGroup section */

/* Begin PBXNativeTarget section */
		843361821FE878C6007DC5F3 /* test */ = {
			isa = PBXNativeTarget;
			buildConfigurationList = 843361AB1FE878C6007DC5F3 /* Build configuration list for PBXNativeTarget "test" */;
			buildPhases = (
				8433617F1FE878C6007DC5F3 /* Sources */,
				843361801FE878C6007DC5F3 /* Frameworks */,
				843361811FE878C6007DC5F3 /* Resources */,
			);
			buildRules = (
			);
			dependencies = (
			);
			name = test;
			productName = test;
			productReference = 843361831FE878C6007DC5F3 /* test.app */;
			productType = "com.apple.product-type.application";
		};
		843361961FE878C6007DC5F3 /* testTests */ = {
			isa = PBXNativeTarget;
			buildConfigurationList = 843361AE1FE878C6007DC5F3 /* Build configuration list for PBXNativeTarget "testTests" */;
			buildPhases = (
				843361931FE878C6007DC5F3 /* Sources */,
				843361941FE878C6007DC5F3 /* Frameworks */,
				843361951FE878C6007DC5F3 /* Resources */,
			);
			buildRules = (
			);
			dependencies = (
				843361991FE878C6007DC5F3 /* PBXTargetDependency */,
			);
			name = testTests;
			productName = testTests;
			productReference = 843361971FE878C6007DC5F3 /* testTests.xctest */;
			productType = "com.apple.product-type.bundle.unit-test";
		};
		843361A11FE878C6007DC5F3 /* testUITests */ = {
			isa = PBXNativeTarget;
			buildConfigurationList = 843361B11FE878C6007DC5F3 /* Build configuration list for PBXNativeTarget "testUITests" */;
			buildPhases = (
				8433619E1FE878C6007DC5F3 /* Sources */,
				8433619F1FE878C6007DC5F3 /* Frameworks */,
				843361A01FE878C6007DC5F3 /* Resources */,
			);
			buildRules = (
			);
			dependencies = (
				843361A41FE878C6007DC5F3 /* PBXTargetDependency */,
			);
			name = testUITests;
			productName = testUITests;
			productReference = 843361A21FE878C6007DC5F3 /* testUITests.xctest */;
			productType = "com.apple.product-type.bundle.ui-testing";
		};
/* End PBXNativeTarget section */

/* Begin PBXProject section */
		8433617B1FE878C6007DC5F3 /* Project object */ = {
			isa = PBXProject;
			attributes = {
				LastSwiftUpdateCheck = 0920;
				LastUpgradeCheck = 0920;
				ORGANIZATIONNAME = admin;
				TargetAttributes = {
					843361821FE878C6007DC5F3 = {
						CreatedOnToolsVersion = 9.2;
						ProvisioningStyle = Automatic;
					};
					843361961FE878C6007DC5F3 = {
						CreatedOnToolsVersion = 9.2;
						ProvisioningStyle = Automatic;
						TestTargetID = 843361821FE878C6007DC5F3;
					};
					843361A11FE878C6007DC5F3 = {
						CreatedOnToolsVersion = 9.2;
						ProvisioningStyle = Automatic;
						TestTargetID = 843361821FE878C6007DC5F3;
					};
				};
			};
			buildConfigurationList = 8433617E1FE878C6007DC5F3 /* Build configuration list for PBXProject "test" */;
			compatibilityVersion = "Xcode 8.0";
			developmentRegion = en;
			hasScannedForEncodings = 0;
			knownRegions = (
				en,
				Base,
			);
			mainGroup = 8433617A1FE878C6007DC5F3;
			productRefGroup = 843361841FE878C6007DC5F3 /* Products */;
			projectDirPath = "";
			projectRoot = "";
			targets = (
				843361821FE878C6007DC5F3 /* test */,
				843361961FE878C6007DC5F3 /* testTests */,
				843361A11FE878C6007DC5F3 /* testUITests */,
			);
		};
/* End PBXProject section */

/* Begin PBXResourcesBuildPhase section */
		843361811FE878C6007DC5F3 /* Resources */ = {
			isa = PBXResourcesBuildPhase;
			buildActionMask = 2147483647;
			files = (
				843361911FE878C6007DC5F3 /* LaunchScreen.storyboard in Resources */,
				8433618E1FE878C6007DC5F3 /* Assets.xcassets in Resources */,
				8433618C1FE878C6007DC5F3 /* Main.storyboard in Resources */,
			);
			runOnlyForDeploymentPostprocessing = 0;
		};
		843361951FE878C6007DC5F3 /* Resources */ = {
			isa = PBXResourcesBuildPhase;
			buildActionMask = 2147483647;
			files = (
			);
			runOnlyForDeploymentPostprocessing = 0;
		};
		843361A01FE878C6007DC5F3 /* Resources */ = {
			isa = PBXResourcesBuildPhase;
			buildActionMask = 2147483647;
			files = (
			);
			runOnlyForDeploymentPostprocessing = 0;
		};
/* End PBXResourcesBuildPhase section */

/* Begin PBXSourcesBuildPhase section */
		8433617F1FE878C6007DC5F3 /* Sources */ = {
			isa = PBXSourcesBuildPhase;
			buildActionMask = 2147483647;
			files = (
				843361B51FE948F4007DC5F3 /* VenuPickerView.swift in Sources */,
				843361BF1FEE8D61007DC5F3 /* SearchCell.swift in Sources */,
				843361891FE878C6007DC5F3 /* ViewController.swift in Sources */,
				843361B91FE9554A007DC5F3 /* LocationService.swift in Sources */,
				843361B81FE9554A007DC5F3 /* VenuePresenter.swift in Sources */,
				8490210E1FFAF17E00497251 /* Configure.swift in Sources */,
				843361BB1FE95555007DC5F3 /* VenueService.swift in Sources */,
				843361871FE878C6007DC5F3 /* AppDelegate.swift in Sources */,
				8490213C1FFCBBA800497251 /* Error.swift in Sources */,
				843361BD1FE957CA007DC5F3 /* SwiftyJson.swift in Sources */,
			);
			runOnlyForDeploymentPostprocessing = 0;
		};
		843361931FE878C6007DC5F3 /* Sources */ = {
			isa = PBXSourcesBuildPhase;
			buildActionMask = 2147483647;
			files = (
				8433619C1FE878C6007DC5F3 /* testTests.swift in Sources */,
			);
			runOnlyForDeploymentPostprocessing = 0;
		};
		8433619E1FE878C6007DC5F3 /* Sources */ = {
			isa = PBXSourcesBuildPhase;
			buildActionMask = 2147483647;
			files = (
				843361A71FE878C6007DC5F3 /* testUITests.swift in Sources */,
			);
			runOnlyForDeploymentPostprocessing = 0;
		};
/* End PBXSourcesBuildPhase section */

/* Begin PBXTargetDependency section */
		843361991FE878C6007DC5F3 /* PBXTargetDependency */ = {
			isa = PBXTargetDependency;
			target = 843361821FE878C6007DC5F3 /* test */;
			targetProxy = 843361981FE878C6007DC5F3 /* PBXContainerItemProxy */;
		};
		843361A41FE878C6007DC5F3 /* PBXTargetDependency */ = {
			isa = PBXTargetDependency;
			target = 843361821FE878C6007DC5F3 /* test */;
			targetProxy = 843361A31FE878C6007DC5F3 /* PBXContainerItemProxy */;
		};
/* End PBXTargetDependency section */

/* Begin PBXVariantGroup section */
		8433618A1FE878C6007DC5F3 /* Main.storyboard */ = {
			isa = PBXVariantGroup;
			children = (
				8433618B1FE878C6007DC5F3 /* Base */,
			);
			name = Main.storyboard;
			sourceTree = "<group>";
		};
		8433618F1FE878C6007DC5F3 /* LaunchScreen.storyboard */ = {
			isa = PBXVariantGroup;
			children = (
				843361901FE878C6007DC5F3 /* Base */,
			);
			name = LaunchScreen.storyboard;
			sourceTree = "<group>";
		};
/* End PBXVariantGroup section */

/* Begin XCBuildConfiguration section */
		843361A91FE878C6007DC5F3 /* Debug */ = {
			isa = XCBuildConfiguration;
			buildSettings = {
				ALWAYS_SEARCH_USER_PATHS = NO;
				CLANG_ANALYZER_NONNULL = YES;
				CLANG_ANALYZER_NUMBER_OBJECT_CONVERSION = YES_AGGRESSIVE;
				CLANG_CXX_LANGUAGE_STANDARD = "gnu++14";
				CLANG_CXX_LIBRARY = "libc++";
				CLANG_ENABLE_MODULES = YES;
				CLANG_ENABLE_OBJC_ARC = YES;
				CLANG_WARN_BLOCK_CAPTURE_AUTORELEASING = YES;
				CLANG_WARN_BOOL_CONVERSION = YES;
				CLANG_WARN_COMMA = YES;
				CLANG_WARN_CONSTANT_CONVERSION = YES;
				CLANG_WARN_DIRECT_OBJC_ISA_USAGE = YES_ERROR;
				CLANG_WARN_DOCUMENTATION_COMMENTS = YES;
				CLANG_WARN_EMPTY_BODY = YES;
				CLANG_WARN_ENUM_CONVERSION = YES;
				CLANG_WARN_INFINITE_RECURSION = YES;
				CLANG_WARN_INT_CONVERSION = YES;
				CLANG_WARN_NON_LITERAL_NULL_CONVERSION = YES;
				CLANG_WARN_OBJC_LITERAL_CONVERSION = YES;
				CLANG_WARN_OBJC_ROOT_CLASS = YES_ERROR;
				CLANG_WARN_RANGE_LOOP_ANALYSIS = YES;
				CLANG_WARN_STRICT_PROTOTYPES = YES;
				CLANG_WARN_SUSPICIOUS_MOVE = YES;
				CLANG_WARN_UNGUARDED_AVAILABILITY = YES_AGGRESSIVE;
				CLANG_WARN_UNREACHABLE_CODE = YES;
				CLANG_WARN__DUPLICATE_METHOD_MATCH = YES;
				CODE_SIGN_IDENTITY = "iPhone Developer";
				COPY_PHASE_STRIP = NO;
				DEBUG_INFORMATION_FORMAT = dwarf;
				ENABLE_STRICT_OBJC_MSGSEND = YES;
				ENABLE_TESTABILITY = YES;
				GCC_C_LANGUAGE_STANDARD = gnu11;
				GCC_DYNAMIC_NO_PIC = NO;
				GCC_NO_COMMON_BLOCKS = YES;
				GCC_OPTIMIZATION_LEVEL = 0;
				GCC_PREPROCESSOR_DEFINITIONS = (
					"DEBUG=1",
					"$(inherited)",
				);
				GCC_WARN_64_TO_32_BIT_CONVERSION = YES;
				GCC_WARN_ABOUT_RETURN_TYPE = YES_ERROR;
				GCC_WARN_UNDECLARED_SELECTOR = YES;
				GCC_WARN_UNINITIALIZED_AUTOS = YES_AGGRESSIVE;
				GCC_WARN_UNUSED_FUNCTION = YES;
				GCC_WARN_UNUSED_VARIABLE = YES;
				IPHONEOS_DEPLOYMENT_TARGET = 11.2;
				MTL_ENABLE_DEBUG_INFO = YES;
				ONLY_ACTIVE_ARCH = YES;
				SDKROOT = iphoneos;
				SWIFT_ACTIVE_COMPILATION_CONDITIONS = DEBUG;
				SWIFT_OPTIMIZATION_LEVEL = "-Onone";
			};
			name = Debug;
		};
		843361AA1FE878C6007DC5F3 /* Release */ = {
			isa = XCBuildConfiguration;
			buildSettings = {
				ALWAYS_SEARCH_USER_PATHS = NO;
				CLANG_ANALYZER_NONNULL = YES;
				CLANG_ANALYZER_NUMBER_OBJECT_CONVERSION = YES_AGGRESSIVE;
				CLANG_CXX_LANGUAGE_STANDARD = "gnu++14";
				CLANG_CXX_LIBRARY = "libc++";
				CLANG_ENABLE_MODULES = YES;
				CLANG_ENABLE_OBJC_ARC = YES;
				CLANG_WARN_BLOCK_CAPTURE_AUTORELEASING = YES;
				CLANG_WARN_BOOL_CONVERSION = YES;
				CLANG_WARN_COMMA = YES;
				CLANG_WARN_CONSTANT_CONVERSION = YES;
				CLANG_WARN_DIRECT_OBJC_ISA_USAGE = YES_ERROR;
				CLANG_WARN_DOCUMENTATION_COMMENTS = YES;
				CLANG_WARN_EMPTY_BODY = YES;
				CLANG_WARN_ENUM_CONVERSION = YES;
				CLANG_WARN_INFINITE_RECURSION = YES;
				CLANG_WARN_INT_CONVERSION = YES;
				CLANG_WARN_NON_LITERAL_NULL_CONVERSION = YES;
				CLANG_WARN_OBJC_LITERAL_CONVERSION = YES;
				CLANG_WARN_OBJC_ROOT_CLASS = YES_ERROR;
				CLANG_WARN_RANGE_LOOP_ANALYSIS = YES;
				CLANG_WARN_STRICT_PROTOTYPES = YES;
				CLANG_WARN_SUSPICIOUS_MOVE = YES;
				CLANG_WARN_UNGUARDED_AVAILABILITY = YES_AGGRESSIVE;
				CLANG_WARN_UNREACHABLE_CODE = YES;
				CLANG_WARN__DUPLICATE_METHOD_MATCH = YES;
				CODE_SIGN_IDENTITY = "iPhone Developer";
				COPY_PHASE_STRIP = NO;
				DEBUG_INFORMATION_FORMAT = "dwarf-with-dsym";
				ENABLE_NS_ASSERTIONS = NO;
				ENABLE_STRICT_OBJC_MSGSEND = YES;
				GCC_C_LANGUAGE_STANDARD = gnu11;
				GCC_NO_COMMON_BLOCKS = YES;
				GCC_WARN_64_TO_32_BIT_CONVERSION = YES;
				GCC_WARN_ABOUT_RETURN_TYPE = YES_ERROR;
				GCC_WARN_UNDECLARED_SELECTOR = YES;
				GCC_WARN_UNINITIALIZED_AUTOS = YES_AGGRESSIVE;
				GCC_WARN_UNUSED_FUNCTION = YES;
				GCC_WARN_UNUSED_VARIABLE = YES;
				IPHONEOS_DEPLOYMENT_TARGET = 11.2;
				MTL_ENABLE_DEBUG_INFO = NO;
				SDKROOT = iphoneos;
				SWIFT_OPTIMIZATION_LEVEL = "-Owholemodule";
				VALIDATE_PRODUCT = YES;
			};
			name = Release;
		};
		843361AC1FE878C6007DC5F3 /* Debug */ = {
			isa = XCBuildConfiguration;
			buildSettings = {
				ASSETCATALOG_COMPILER_APPICON_NAME = AppIcon;
				"CODE_SIGN_IDENTITY[sdk=iphoneos*]" = "iPhone Developer";
				CODE_SIGN_STYLE = Automatic;
				DEVELOPMENT_TEAM = RN9326B3AJ;
				INFOPLIST_FILE = test/Info.plist;
				LD_RUNPATH_SEARCH_PATHS = "$(inherited) @executable_path/Frameworks";
				PRODUCT_BUNDLE_IDENTIFIER = xlei.wm;
				PRODUCT_NAME = "$(TARGET_NAME)";
				PROVISIONING_PROFILE_SPECIFIER = "";
				SWIFT_VERSION = 4.0;
				TARGETED_DEVICE_FAMILY = "1,2";
			};
			name = Debug;
		};
		843361AD1FE878C6007DC5F3 /* Release */ = {
			isa = XCBuildConfiguration;
			buildSettings = {
				ASSETCATALOG_COMPILER_APPICON_NAME = AppIcon;
				"CODE_SIGN_IDENTITY[sdk=iphoneos*]" = "iPhone Developer";
				CODE_SIGN_STYLE = Automatic;
				DEVELOPMENT_TEAM = RN9326B3AJ;
				INFOPLIST_FILE = test/Info.plist;
				LD_RUNPATH_SEARCH_PATHS = "$(inherited) @executable_path/Frameworks";
				PRODUCT_BUNDLE_IDENTIFIER = xlei.wm;
				PRODUCT_NAME = "$(TARGET_NAME)";
				PROVISIONING_PROFILE_SPECIFIER = "";
				SWIFT_VERSION = 4.0;
				TARGETED_DEVICE_FAMILY = "1,2";
			};
			name = Release;
		};
		843361AF1FE878C6007DC5F3 /* Debug */ = {
			isa = XCBuildConfiguration;
			buildSettings = {
				ALWAYS_EMBED_SWIFT_STANDARD_LIBRARIES = YES;
				BUNDLE_LOADER = "$(TEST_HOST)";
				CODE_SIGN_STYLE = Automatic;
				INFOPLIST_FILE = testTests/Info.plist;
				LD_RUNPATH_SEARCH_PATHS = "$(inherited) @executable_path/Frameworks @loader_path/Frameworks";
				PRODUCT_BUNDLE_IDENTIFIER = my.testTests;
				PRODUCT_NAME = "$(TARGET_NAME)";
				SWIFT_VERSION = 4.0;
				TARGETED_DEVICE_FAMILY = "1,2";
				TEST_HOST = "$(BUILT_PRODUCTS_DIR)/test.app/test";
			};
			name = Debug;
		};
		843361B01FE878C6007DC5F3 /* Release */ = {
			isa = XCBuildConfiguration;
			buildSettings = {
				ALWAYS_EMBED_SWIFT_STANDARD_LIBRARIES = YES;
				BUNDLE_LOADER = "$(TEST_HOST)";
				CODE_SIGN_STYLE = Automatic;
				INFOPLIST_FILE = testTests/Info.plist;
				LD_RUNPATH_SEARCH_PATHS = "$(inherited) @executable_path/Frameworks @loader_path/Frameworks";
				PRODUCT_BUNDLE_IDENTIFIER = my.testTests;
				PRODUCT_NAME = "$(TARGET_NAME)";
				SWIFT_VERSION = 4.0;
				TARGETED_DEVICE_FAMILY = "1,2";
				TEST_HOST = "$(BUILT_PRODUCTS_DIR)/test.app/test";
			};
			name = Release;
		};
		843361B21FE878C6007DC5F3 /* Debug */ = {
			isa = XCBuildConfiguration;
			buildSettings = {
				ALWAYS_EMBED_SWIFT_STANDARD_LIBRARIES = YES;
				CODE_SIGN_STYLE = Automatic;
				INFOPLIST_FILE = testUITests/Info.plist;
				LD_RUNPATH_SEARCH_PATHS = "$(inherited) @executable_path/Frameworks @loader_path/Frameworks";
				PRODUCT_BUNDLE_IDENTIFIER = my.testUITests;
				PRODUCT_NAME = "$(TARGET_NAME)";
				SWIFT_VERSION = 4.0;
				TARGETED_DEVICE_FAMILY = "1,2";
				TEST_TARGET_NAME = test;
			};
			name = Debug;
		};
		843361B31FE878C6007DC5F3 /* Release */ = {
			isa = XCBuildConfiguration;
			buildSettings = {
				ALWAYS_EMBED_SWIFT_STANDARD_LIBRARIES = YES;
				CODE_SIGN_STYLE = Automatic;
				INFOPLIST_FILE = testUITests/Info.plist;
				LD_RUNPATH_SEARCH_PATHS = "$(inherited) @executable_path/Frameworks @loader_path/Frameworks";
				PRODUCT_BUNDLE_IDENTIFIER = my.testUITests;
				PRODUCT_NAME = "$(TARGET_NAME)";
				SWIFT_VERSION = 4.0;
				TARGETED_DEVICE_FAMILY = "1,2";
				TEST_TARGET_NAME = test;
			};
			name = Release;
		};
/* End XCBuildConfiguration section */

/* Begin XCConfigurationList section */
		8433617E1FE878C6007DC5F3 /* Build configuration list for PBXProject "test" */ = {
			isa = XCConfigurationList;
			buildConfigurations = (
				843361A91FE878C6007DC5F3 /* Debug */,
				843361AA1FE878C6007DC5F3 /* Release */,
			);
			defaultConfigurationIsVisible = 0;
			defaultConfigurationName = Release;
		};
		843361AB1FE878C6007DC5F3 /* Build configuration list for PBXNativeTarget "test" */ = {
			isa = XCConfigurationList;
			buildConfigurations = (
				843361AC1FE878C6007DC5F3 /* Debug */,
				843361AD1FE878C6007DC5F3 /* Release */,
			);
			defaultConfigurationIsVisible = 0;
			defaultConfigurationName = Release;
		};
		843361AE1FE878C6007DC5F3 /* Build configuration list for PBXNativeTarget "testTests" */ = {
			isa = XCConfigurationList;
			buildConfigurations = (
				843361AF1FE878C6007DC5F3 /* Debug */,
				843361B01FE878C6007DC5F3 /* Release */,
			);
			defaultConfigurationIsVisible = 0;
			defaultConfigurationName = Release;
		};
		843361B11FE878C6007DC5F3 /* Build configuration list for PBXNativeTarget "testUITests" */ = {
			isa = XCConfigurationList;
			buildConfigurations = (
				843361B21FE878C6007DC5F3 /* Debug */,
				843361B31FE878C6007DC5F3 /* Release */,
			);
			defaultConfigurationIsVisible = 0;
			defaultConfigurationName = Release;
		};
/* End XCConfigurationList section */
	};
	rootObject = 8433617B1FE878C6007DC5F3 /* Project object */;
}
